// !$*UTF8*$!
{
	archiveVersion = 1;
	classes = {
	};
	objectVersion = 46;
	objects = {

/* Begin PBXBuildFile section */
		4C07DA0F1E612AB300477D9B /* AppDelegate.swift in Sources */ = {isa = PBXBuildFile; fileRef = 4C07DA0E1E612AB300477D9B /* AppDelegate.swift */; };
		4C07DA111E612AB300477D9B /* ViewController.swift in Sources */ = {isa = PBXBuildFile; fileRef = 4C07DA101E612AB300477D9B /* ViewController.swift */; };
		4C07DA141E612AB300477D9B /* Main.storyboard in Resources */ = {isa = PBXBuildFile; fileRef = 4C07DA121E612AB300477D9B /* Main.storyboard */; };
		4C07DA161E612AB300477D9B /* Assets.xcassets in Resources */ = {isa = PBXBuildFile; fileRef = 4C07DA151E612AB300477D9B /* Assets.xcassets */; };
		4C07DA191E612AB300477D9B /* LaunchScreen.storyboard in Resources */ = {isa = PBXBuildFile; fileRef = 4C07DA171E612AB300477D9B /* LaunchScreen.storyboard */; };
		4C07DA241E612AB400477D9B /* TableViewTests.swift in Sources */ = {isa = PBXBuildFile; fileRef = 4C07DA231E612AB400477D9B /* TableViewTests.swift */; };
		4C07DA2F1E612AB400477D9B /* TableViewUITests.swift in Sources */ = {isa = PBXBuildFile; fileRef = 4C07DA2E1E612AB400477D9B /* TableViewUITests.swift */; };
		4C07DA3E1E612BFC00477D9B /* CutomCell.swift in Sources */ = {isa = PBXBuildFile; fileRef = 4C07DA3C1E612BFC00477D9B /* CutomCell.swift */; };
		4C07DA3F1E612BFC00477D9B /* CutomCell.xib in Resources */ = {isa = PBXBuildFile; fileRef = 4C07DA3D1E612BFC00477D9B /* CutomCell.xib */; };
/* End PBXBuildFile section */

/* Begin PBXContainerItemProxy section */
		4C07DA201E612AB400477D9B /* PBXContainerItemProxy */ = {
			isa = PBXContainerItemProxy;
			containerPortal = 4C07DA031E612AB000477D9B /* Project object */;
			proxyType = 1;
			remoteGlobalIDString = 4C07DA0A1E612AB100477D9B;
			remoteInfo = TableView;
		};
		4C07DA2B1E612AB400477D9B /* PBXContainerItemProxy */ = {
			isa = PBXContainerItemProxy;
			containerPortal = 4C07DA031E612AB000477D9B /* Project object */;
			proxyType = 1;
			remoteGlobalIDString = 4C07DA0A1E612AB100477D9B;
			remoteInfo = TableView;
		};
/* End PBXContainerItemProxy section */

/* Begin PBXFileReference section */
		4C07DA0B1E612AB300477D9B /* TableView.app */ = {isa = PBXFileReference; explicitFileType = wrapper.application; includeInIndex = 0; path = TableView.app; sourceTree = BUILT_PRODUCTS_DIR; };
		4C07DA0E1E612AB300477D9B /* AppDelegate.swift */ = {isa = PBXFileReference; lastKnownFileType = sourcecode.swift; path = AppDelegate.swift; sourceTree = "<group>"; };
		4C07DA101E612AB300477D9B /* ViewController.swift */ = {isa = PBXFileReference; lastKnownFileType = sourcecode.swift; path = ViewController.swift; sourceTree = "<group>"; };
		4C07DA131E612AB300477D9B /* Base */ = {isa = PBXFileReference; lastKnownFileType = file.storyboard; name = Base; path = Base.lproj/Main.storyboard; sourceTree = "<group>"; };
		4C07DA151E612AB300477D9B /* Assets.xcassets */ = {isa = PBXFileReference; lastKnownFileType = folder.assetcatalog; path = Assets.xcassets; sourceTree = "<group>"; };
		4C07DA181E612AB300477D9B /* Base */ = {isa = PBXFileReference; lastKnownFileType = file.storyboard; name = Base; path = Base.lproj/LaunchScreen.storyboard; sourceTree = "<group>"; };
		4C07DA1A1E612AB300477D9B /* Info.plist */ = {isa = PBXFileReference; lastKnownFileType = text.plist.xml; path = Info.plist; sourceTree = "<group>"; };
		4C07DA1F1E612AB400477D9B /* TableViewTests.xctest */ = {isa = PBXFileReference; explicitFileType = wrapper.cfbundle; includeInIndex = 0; path = TableViewTests.xctest; sourceTree = BUILT_PRODUCTS_DIR; };
		4C07DA231E612AB400477D9B /* TableViewTests.swift */ = {isa = PBXFileReference; lastKnownFileType = sourcecode.swift; path = TableViewTests.swift; sourceTree = "<group>"; };
		4C07DA251E612AB400477D9B /* Info.plist */ = {isa = PBXFileReference; lastKnownFileType = text.plist.xml; path = Info.plist; sourceTree = "<group>"; };
		4C07DA2A1E612AB400477D9B /* TableViewUITests.xctest */ = {isa = PBXFileReference; explicitFileType = wrapper.cfbundle; includeInIndex = 0; path = TableViewUITests.xctest; sourceTree = BUILT_PRODUCTS_DIR; };
		4C07DA2E1E612AB400477D9B /* TableViewUITests.swift */ = {isa = PBXFileReference; lastKnownFileType = sourcecode.swift; path = TableViewUITests.swift; sourceTree = "<group>"; };
		4C07DA301E612AB400477D9B /* Info.plist */ = {isa = PBXFileReference; lastKnownFileType = text.plist.xml; path = Info.plist; sourceTree = "<group>"; };
		4C07DA3C1E612BFC00477D9B /* CutomCell.swift */ = {isa = PBXFileReference; fileEncoding = 4; lastKnownFileType = sourcecode.swift; path = CutomCell.swift; sourceTree = "<group>"; };
		4C07DA3D1E612BFC00477D9B /* CutomCell.xib */ = {isa = PBXFileReference; fileEncoding = 4; lastKnownFileType = file.xib; path = CutomCell.xib; sourceTree = "<group>"; };
/* End PBXFileReference section */

/* Begin PBXFrameworksBuildPhase section */
		4C07DA081E612AB100477D9B /* Frameworks */ = {
			isa = PBXFrameworksBuildPhase;
			buildActionMask = 2147483647;
			files = (
			);
			runOnlyForDeploymentPostprocessing = 0;
		};
		4C07DA1C1E612AB400477D9B /* Frameworks */ = {
			isa = PBXFrameworksBuildPhase;
			buildActionMask = 2147483647;
			files = (
			);
			runOnlyForDeploymentPostprocessing = 0;
		};
		4C07DA271E612AB400477D9B /* Frameworks */ = {
			isa = PBXFrameworksBuildPhase;
			buildActionMask = 2147483647;
			files = (
			);
			runOnlyForDeploymentPostprocessing = 0;
		};
/* End PBXFrameworksBuildPhase section */

/* Begin PBXGroup section */
		4C07DA021E612AB000477D9B = {
			isa = PBXGroup;
			children = (
				4C07DA0D1E612AB300477D9B /* TableView */,
				4C07DA221E612AB400477D9B /* TableViewTests */,
				4C07DA2D1E612AB400477D9B /* TableViewUITests */,
				4C07DA0C1E612AB300477D9B /* Products */,
			);
			sourceTree = "<group>";
		};
		4C07DA0C1E612AB300477D9B /* Products */ = {
			isa = PBXGroup;
			children = (
				4C07DA0B1E612AB300477D9B /* TableView.app */,
				4C07DA1F1E612AB400477D9B /* TableViewTests.xctest */,
				4C07DA2A1E612AB400477D9B /* TableViewUITests.xctest */,
			);
			name = Products;
			sourceTree = "<group>";
		};
		4C07DA0D1E612AB300477D9B /* TableView */ = {
			isa = PBXGroup;
			children = (
				4C07DA0E1E612AB300477D9B /* AppDelegate.swift */,
				4C07DA101E612AB300477D9B /* ViewController.swift */,
				4C07DA121E612AB300477D9B /* Main.storyboard */,
				4C07DA151E612AB300477D9B /* Assets.xcassets */,
				4C07DA171E612AB300477D9B /* LaunchScreen.storyboard */,
				4C07DA1A1E612AB300477D9B /* Info.plist */,
				4C07DA401E612C0700477D9B /* CustomCell */,
			);
			path = TableView;
			sourceTree = "<group>";
		};
		4C07DA221E612AB400477D9B /* TableViewTests */ = {
			isa = PBXGroup;
			children = (
				4C07DA231E612AB400477D9B /* TableViewTests.swift */,
				4C07DA251E612AB400477D9B /* Info.plist */,
			);
			path = TableViewTests;
			sourceTree = "<group>";
		};
		4C07DA2D1E612AB400477D9B /* TableViewUITests */ = {
			isa = PBXGroup;
			children = (
				4C07DA2E1E612AB400477D9B /* TableViewUITests.swift */,
				4C07DA301E612AB400477D9B /* Info.plist */,
			);
			path = TableViewUITests;
			sourceTree = "<group>";
		};
		4C07DA401E612C0700477D9B /* CustomCell */ = {
			isa = PBXGroup;
			children = (
				4C07DA3C1E612BFC00477D9B /* CutomCell.swift */,
				4C07DA3D1E612BFC00477D9B /* CutomCell.xib */,
			);
			name = CustomCell;
			sourceTree = "<group>";
		};
/* End PBXGroup section */

/* Begin PBXNativeTarget section */
		4C07DA0A1E612AB100477D9B /* TableView */ = {
			isa = PBXNativeTarget;
			buildConfigurationList = 4C07DA331E612AB400477D9B /* Build configuration list for PBXNativeTarget "TableView" */;
			buildPhases = (
				4C07DA071E612AB100477D9B /* Sources */,
				4C07DA081E612AB100477D9B /* Frameworks */,
				4C07DA091E612AB100477D9B /* Resources */,
			);
			buildRules = (
			);
			dependencies = (
			);
			name = TableView;
			productName = TableView;
			productReference = 4C07DA0B1E612AB300477D9B /* TableView.app */;
			productType = "com.apple.product-type.application";
		};
		4C07DA1E1E612AB400477D9B /* TableViewTests */ = {
			isa = PBXNativeTarget;
			buildConfigurationList = 4C07DA361E612AB400477D9B /* Build configuration list for PBXNativeTarget "TableViewTests" */;
			buildPhases = (
				4C07DA1B1E612AB400477D9B /* Sources */,
				4C07DA1C1E612AB400477D9B /* Frameworks */,
				4C07DA1D1E612AB400477D9B /* Resources */,
			);
			buildRules = (
			);
			dependencies = (
				4C07DA211E612AB400477D9B /* PBXTargetDependency */,
			);
			name = TableViewTests;
			productName = TableViewTests;
			productReference = 4C07DA1F1E612AB400477D9B /* TableViewTests.xctest */;
			productType = "com.apple.product-type.bundle.unit-test";
		};
		4C07DA291E612AB400477D9B /* TableViewUITests */ = {
			isa = PBXNativeTarget;
			buildConfigurationList = 4C07DA391E612AB400477D9B /* Build configuration list for PBXNativeTarget "TableViewUITests" */;
			buildPhases = (
				4C07DA261E612AB400477D9B /* Sources */,
				4C07DA271E612AB400477D9B /* Frameworks */,
				4C07DA281E612AB400477D9B /* Resources */,
			);
			buildRules = (
			);
			dependencies = (
				4C07DA2C1E612AB400477D9B /* PBXTargetDependency */,
			);
			name = TableViewUITests;
			productName = TableViewUITests;
			productReference = 4C07DA2A1E612AB400477D9B /* TableViewUITests.xctest */;
			productType = "com.apple.product-type.bundle.ui-testing";
		};
/* End PBXNativeTarget section */

/* Begin PBXProject section */
		4C07DA031E612AB000477D9B /* Project object */ = {
			isa = PBXProject;
			attributes = {
				LastSwiftUpdateCheck = 0810;
				LastUpgradeCheck = 0810;
				ORGANIZATIONNAME = iFlame;
				TargetAttributes = {
					4C07DA0A1E612AB100477D9B = {
						CreatedOnToolsVersion = 8.1;
						ProvisioningStyle = Automatic;
					};
					4C07DA1E1E612AB400477D9B = {
						CreatedOnToolsVersion = 8.1;
						ProvisioningStyle = Automatic;
						TestTargetID = 4C07DA0A1E612AB100477D9B;
					};
					4C07DA291E612AB400477D9B = {
						CreatedOnToolsVersion = 8.1;
						ProvisioningStyle = Automatic;
						TestTargetID = 4C07DA0A1E612AB100477D9B;
					};
				};
			};
			buildConfigurationList = 4C07DA061E612AB000477D9B /* Build configuration list for PBXProject "TableView" */;
			compatibilityVersion = "Xcode 3.2";
			developmentRegion = English;
			hasScannedForEncodings = 0;
			knownRegions = (
				en,
				Base,
			);
			mainGroup = 4C07DA021E612AB000477D9B;
			productRefGroup = 4C07DA0C1E612AB300477D9B /* Products */;
			projectDirPath = "";
			projectRoot = "";
			targets = (
				4C07DA0A1E612AB100477D9B /* TableView */,
				4C07DA1E1E612AB400477D9B /* TableViewTests */,
				4C07DA291E612AB400477D9B /* TableViewUITests */,
			);
		};
/* End PBXProject section */

/* Begin PBXResourcesBuildPhase section */
		4C07DA091E612AB100477D9B /* Resources */ = {
			isa = PBXResourcesBuildPhase;
			buildActionMask = 2147483647;
			files = (
				4C07DA191E612AB300477D9B /* LaunchScreen.storyboard in Resources */,
				4C07DA161E612AB300477D9B /* Assets.xcassets in Resources */,
				4C07DA3F1E612BFC00477D9B /* CutomCell.xib in Resources */,
				4C07DA141E612AB300477D9B /* Main.storyboard in Resources */,
			);
			runOnlyForDeploymentPostprocessing = 0;
		};
		4C07DA1D1E612AB400477D9B /* Resources */ = {
			isa = PBXResourcesBuildPhase;
			buildActionMask = 2147483647;
			files = (
			);
			runOnlyForDeploymentPostprocessing = 0;
		};
		4C07DA281E612AB400477D9B /* Resources */ = {
			isa = PBXResourcesBuildPhase;
			buildActionMask = 2147483647;
			files = (
			);
			runOnlyForDeploymentPostprocessing = 0;
		};
/* End PBXResourcesBuildPhase section */

/* Begin PBXSourcesBuildPhase section */
		4C07DA071E612AB100477D9B /* Sources */ = {
			isa = PBXSourcesBuildPhase;
			buildActionMask = 2147483647;
			files = (
				4C07DA111E612AB300477D9B /* ViewController.swift in Sources */,
				4C07DA0F1E612AB300477D9B /* AppDelegate.swift in Sources */,
				4C07DA3E1E612BFC00477D9B /* CutomCell.swift in Sources */,
			);
			runOnlyForDeploymentPostprocessing = 0;
		};
		4C07DA1B1E612AB400477D9B /* Sources */ = {
			isa = PBXSourcesBuildPhase;
			buildActionMask = 2147483647;
			files = (
				4C07DA241E612AB400477D9B /* TableViewTests.swift in Sources */,
			);
			runOnlyForDeploymentPostprocessing = 0;
		};
		4C07DA261E612AB400477D9B /* Sources */ = {
			isa = PBXSourcesBuildPhase;
			buildActionMask = 2147483647;
			files = (
				4C07DA2F1E612AB400477D9B /* TableViewUITests.swift in Sources */,
			);
			runOnlyForDeploymentPostprocessing = 0;
		};
/* End PBXSourcesBuildPhase section */

/* Begin PBXTargetDependency section */
		4C07DA211E612AB400477D9B /* PBXTargetDependency */ = {
			isa = PBXTargetDependency;
			target = 4C07DA0A1E612AB100477D9B /* TableView */;
			targetProxy = 4C07DA201E612AB400477D9B /* PBXContainerItemProxy */;
		};
		4C07DA2C1E612AB400477D9B /* PBXTargetDependency */ = {
			isa = PBXTargetDependency;
			target = 4C07DA0A1E612AB100477D9B /* TableView */;
			targetProxy = 4C07DA2B1E612AB400477D9B /* PBXContainerItemProxy */;
		};
/* End PBXTargetDependency section */

/* Begin PBXVariantGroup section */
		4C07DA121E612AB300477D9B /* Main.storyboard */ = {
			isa = PBXVariantGroup;
			children = (
				4C07DA131E612AB300477D9B /* Base */,
			);
			name = Main.storyboard;
			sourceTree = "<group>";
		};
		4C07DA171E612AB300477D9B /* LaunchScreen.storyboard */ = {
			isa = PBXVariantGroup;
			children = (
				4C07DA181E612AB300477D9B /* Base */,
			);
			name = LaunchScreen.storyboard;
			sourceTree = "<group>";
		};
/* End PBXVariantGroup section */

/* Begin XCBuildConfiguration section */
		4C07DA311E612AB400477D9B /* Debug */ = {
			isa = XCBuildConfiguration;
			buildSettings = {
				ALWAYS_SEARCH_USER_PATHS = NO;
				CLANG_ANALYZER_NONNULL = YES;
				CLANG_CXX_LANGUAGE_STANDARD = "gnu++0x";
				CLANG_CXX_LIBRARY = "libc++";
				CLANG_ENABLE_MODULES = YES;
				CLANG_ENABLE_OBJC_ARC = YES;
				CLANG_WARN_BOOL_CONVERSION = YES;
				CLANG_WARN_CONSTANT_CONVERSION = YES;
				CLANG_WARN_DIRECT_OBJC_ISA_USAGE = YES_ERROR;
				CLANG_WARN_DOCUMENTATION_COMMENTS = YES;
				CLANG_WARN_EMPTY_BODY = YES;
				CLANG_WARN_ENUM_CONVERSION = YES;
				CLANG_WARN_INFINITE_RECURSION = YES;
				CLANG_WARN_INT_CONVERSION = YES;
				CLANG_WARN_OBJC_ROOT_CLASS = YES_ERROR;
				CLANG_WARN_SUSPICIOUS_MOVES = YES;
				CLANG_WARN_UNREACHABLE_CODE = YES;
				CLANG_WARN__DUPLICATE_METHOD_MATCH = YES;
				"CODE_SIGN_IDENTITY[sdk=iphoneos*]" = "iPhone Developer";
				COPY_PHASE_STRIP = NO;
				DEBUG_INFORMATION_FORMAT = dwarf;
				ENABLE_STRICT_OBJC_MSGSEND = YES;
				ENABLE_TESTABILITY = YES;
				GCC_C_LANGUAGE_STANDARD = gnu99;
				GCC_DYNAMIC_NO_PIC = NO;
				GCC_NO_COMMON_BLOCKS = YES;
				GCC_OPTIMIZATION_LEVEL = 0;
				GCC_PREPROCESSOR_DEFINITIONS = (
					"DEBUG=1",
					"$(inherited)",
				);
				GCC_WARN_64_TO_32_BIT_CONVERSION = YES;
				GCC_WARN_ABOUT_RETURN_TYPE = YES_ERROR;
				GCC_WARN_UNDECLARED_SELECTOR = YES;
				GCC_WARN_UNINITIALIZED_AUTOS = YES_AGGRESSIVE;
				GCC_WARN_UNUSED_FUNCTION = YES;
				GCC_WARN_UNUSED_VARIABLE = YES;
				IPHONEOS_DEPLOYMENT_TARGET = 10.1;
				MTL_ENABLE_DEBUG_INFO = YES;
				ONLY_ACTIVE_ARCH = YES;
				SDKROOT = iphoneos;
				SWIFT_ACTIVE_COMPILATION_CONDITIONS = DEBUG;
				SWIFT_OPTIMIZATION_LEVEL = "-Onone";
			};
			name = Debug;
		};
		4C07DA321E612AB400477D9B /* Release */ = {
			isa = XCBuildConfiguration;
			buildSettings = {
				ALWAYS_SEARCH_USER_PATHS = NO;
				CLANG_ANALYZER_NONNULL = YES;
				CLANG_CXX_LANGUAGE_STANDARD = "gnu++0x";
				CLANG_CXX_LIBRARY = "libc++";
				CLANG_ENABLE_MODULES = YES;
				CLANG_ENABLE_OBJC_ARC = YES;
				CLANG_WARN_BOOL_CONVERSION = YES;
				CLANG_WARN_CONSTANT_CONVERSION = YES;
				CLANG_WARN_DIRECT_OBJC_ISA_USAGE = YES_ERROR;
				CLANG_WARN_DOCUMENTATION_COMMENTS = YES;
				CLANG_WARN_EMPTY_BODY = YES;
				CLANG_WARN_ENUM_CONVERSION = YES;
				CLANG_WARN_INFINITE_RECURSION = YES;
				CLANG_WARN_INT_CONVERSION = YES;
				CLANG_WARN_OBJC_ROOT_CLASS = YES_ERROR;
				CLANG_WARN_SUSPICIOUS_MOVES = YES;
				CLANG_WARN_UNREACHABLE_CODE = YES;
				CLANG_WARN__DUPLICATE_METHOD_MATCH = YES;
				"CODE_SIGN_IDENTITY[sdk=iphoneos*]" = "iPhone Developer";
				COPY_PHASE_STRIP = NO;
				DEBUG_INFORMATION_FORMAT = "dwarf-with-dsym";
				ENABLE_NS_ASSERTIONS = NO;
				ENABLE_STRICT_OBJC_MSGSEND = YES;
				GCC_C_LANGUAGE_STANDARD = gnu99;
				GCC_NO_COMMON_BLOCKS = YES;
				GCC_WARN_64_TO_32_BIT_CONVERSION = YES;
				GCC_WARN_ABOUT_RETURN_TYPE = YES_ERROR;
				GCC_WARN_UNDECLARED_SELECTOR = YES;
				GCC_WARN_UNINITIALIZED_AUTOS = YES_AGGRESSIVE;
				GCC_WARN_UNUSED_FUNCTION = YES;
				GCC_WARN_UNUSED_VARIABLE = YES;
				IPHONEOS_DEPLOYMENT_TARGET = 10.1;
				MTL_ENABLE_DEBUG_INFO = NO;
				SDKROOT = iphoneos;
				SWIFT_OPTIMIZATION_LEVEL = "-Owholemodule";
				VALIDATE_PRODUCT = YES;
			};
			name = Release;
		};
		4C07DA341E612AB400477D9B /* Debug */ = {
			isa = XCBuildConfiguration;
			buildSettings = {
				ASSETCATALOG_COMPILER_APPICON_NAME = AppIcon;
				INFOPLIST_FILE = TableView/Info.plist;
				LD_RUNPATH_SEARCH_PATHS = "$(inherited) @executable_path/Frameworks";
				PRODUCT_BUNDLE_IDENTIFIER = com.iflame.Irfan.firstPro.TableView;
				PRODUCT_NAME = "$(TARGET_NAME)";
				SWIFT_VERSION = 3.0;
			};
			name = Debug;
		};
		4C07DA351E612AB400477D9B /* Release */ = {
			isa = XCBuildConfiguration;
			buildSettings = {
				ASSETCATALOG_COMPILER_APPICON_NAME = AppIcon;
				INFOPLIST_FILE = TableView/Info.plist;
				LD_RUNPATH_SEARCH_PATHS = "$(inherited) @executable_path/Frameworks";
				PRODUCT_BUNDLE_IDENTIFIER = com.iflame.Irfan.firstPro.TableView;
				PRODUCT_NAME = "$(TARGET_NAME)";
				SWIFT_VERSION = 3.0;
			};
			name = Release;
		};
		4C07DA371E612AB400477D9B /* Debug */ = {
			isa = XCBuildConfiguration;
			buildSettings = {
				ALWAYS_EMBED_SWIFT_STANDARD_LIBRARIES = YES;
				BUNDLE_LOADER = "$(TEST_HOST)";
				INFOPLIST_FILE = TableViewTests/Info.plist;
				LD_RUNPATH_SEARCH_PATHS = "$(inherited) @executable_path/Frameworks @loader_path/Frameworks";
				PRODUCT_BUNDLE_IDENTIFIER = com.iflame.Irfan.firstPro.TableViewTests;
				PRODUCT_NAME = "$(TARGET_NAME)";
				SWIFT_VERSION = 3.0;
				TEST_HOST = "$(BUILT_PRODUCTS_DIR)/TableView.app/TableView";
			};
			name = Debug;
		};
		4C07DA381E612AB400477D9B /* Release */ = {
			isa = XCBuildConfiguration;
			buildSettings = {
				ALWAYS_EMBED_SWIFT_STANDARD_LIBRARIES = YES;
				BUNDLE_LOADER = "$(TEST_HOST)";
				INFOPLIST_FILE = TableViewTests/Info.plist;
				LD_RUNPATH_SEARCH_PATHS = "$(inherited) @executable_path/Frameworks @loader_path/Frameworks";
				PRODUCT_BUNDLE_IDENTIFIER = com.iflame.Irfan.firstPro.TableViewTests;
				PRODUCT_NAME = "$(TARGET_NAME)";
				SWIFT_VERSION = 3.0;
				TEST_HOST = "$(BUILT_PRODUCTS_DIR)/TableView.app/TableView";
			};
			name = Release;
		};
		4C07DA3A1E612AB400477D9B /* Debug */ = {
			isa = XCBuildConfiguration;
			buildSettings = {
				ALWAYS_EMBED_SWIFT_STANDARD_LIBRARIES = YES;
				INFOPLIST_FILE = TableViewUITests/Info.plist;
				LD_RUNPATH_SEARCH_PATHS = "$(inherited) @executable_path/Frameworks @loader_path/Frameworks";
				PRODUCT_BUNDLE_IDENTIFIER = com.iflame.Irfan.firstPro.TableViewUITests;
				PRODUCT_NAME = "$(TARGET_NAME)";
				SWIFT_VERSION = 3.0;
				TEST_TARGET_NAME = TableView;
			};
			name = Debug;
		};
		4C07DA3B1E612AB400477D9B /* Release */ = {
			isa = XCBuildConfiguration;
			buildSettings = {
				ALWAYS_EMBED_SWIFT_STANDARD_LIBRARIES = YES;
				INFOPLIST_FILE = TableViewUITests/Info.plist;
				LD_RUNPATH_SEARCH_PATHS = "$(inherited) @executable_path/Frameworks @loader_path/Frameworks";
				PRODUCT_BUNDLE_IDENTIFIER = com.iflame.Irfan.firstPro.TableViewUITests;
				PRODUCT_NAME = "$(TARGET_NAME)";
				SWIFT_VERSION = 3.0;
				TEST_TARGET_NAME = TableView;
			};
			name = Release;
		};
/* End XCBuildConfiguration section */

/* Begin XCConfigurationList section */
		4C07DA061E612AB000477D9B /* Build configuration list for PBXProject "TableView" */ = {
			isa = XCConfigurationList;
			buildConfigurations = (
				4C07DA311E612AB400477D9B /* Debug */,
				4C07DA321E612AB400477D9B /* Release */,
			);
			defaultConfigurationIsVisible = 0;
			defaultConfigurationName = Release;
		};
		4C07DA331E612AB400477D9B /* Build configuration list for PBXNativeTarget "TableView" */ = {
			isa = XCConfigurationList;
			buildConfigurations = (
				4C07DA341E612AB400477D9B /* Debug */,
				4C07DA351E612AB400477D9B /* Release */,
			);
			defaultConfigurationIsVisible = 0;
		};
		4C07DA361E612AB400477D9B /* Build configuration list for PBXNativeTarget "TableViewTests" */ = {
			isa = XCConfigurationList;
			buildConfigurations = (
				4C07DA371E612AB400477D9B /* Debug */,
				4C07DA381E612AB400477D9B /* Release */,
			);
			defaultConfigurationIsVisible = 0;
		};
		4C07DA391E612AB400477D9B /* Build configuration list for PBXNativeTarget "TableViewUITests" */ = {
			isa = XCConfigurationList;
			buildConfigurations = (
				4C07DA3A1E612AB400477D9B /* Debug */,
				4C07DA3B1E612AB400477D9B /* Release */,
			);
			defaultConfigurationIsVisible = 0;
		};
/* End XCConfigurationList section */
	};
	rootObject = 4C07DA031E612AB000477D9B /* Project object */;
}
